
Microsoft Visual Studio Solution File, Format Version 12.00
# Visual Studio Version 17
VisualStudioVersion = 17.3.32929.385
MinimumVisualStudioVersion = 10.0.40219.1
Project("{FAE04EC0-301F-11D3-BF4B-00C04F79EFBC}") = "GOF.Application", "GOF.Application\GOF.Application.csproj", "{4BCDDE9D-46EF-4B0A-919C-57E043F632C8}"
EndProject
Global
	GlobalSection(SolutionConfigurationPlatforms) = preSolution
		Debug|Any CPU = Debug|Any CPU
		Release|Any CPU = Release|Any CPU
	EndGlobalSection
	GlobalSection(ProjectConfigurationPlatforms) = postSolution
		{4BCDDE9D-46EF-4B0A-919C-57E043F632C8}.Debug|Any CPU.ActiveCfg = Debug|Any CPU
		{4BCDDE9D-46EF-4B0A-919C-57E043F632C8}.Debug|Any CPU.Build.0 = Debug|Any CPU
		{4BCDDE9D-46EF-4B0A-919C-57E043F632C8}.Release|Any CPU.ActiveCfg = Release|Any CPU
		{4BCDDE9D-46EF-4B0A-919C-57E043F632C8}.Release|Any CPU.Build.0 = Release|Any CPU
	EndGlobalSection
	GlobalSection(SolutionProperties) = preSolution
		HideSolutionNode = FALSE
	EndGlobalSection
	GlobalSection(ExtensibilityGlobals) = postSolution
		SolutionGuid = {6F2236A3-B295-411B-AD11-DB0984A94BA0}
	EndGlobalSection
EndGlobal
